
Microsoft Visual Studio Solution File, Format Version 12.00
# Visual Studio 15
VisualStudioVersion = 15.0.26403.7
MinimumVisualStudioVersion = 10.0.40219.1
Project("{8BC9CEB8-8B4A-11D0-8D11-00A0C91BC942}") = "DomNet", "DomNet\DomNet.vcxproj", "{2EBAD3DE-CAB6-462C-83AA-FBD4D62679BA}"
EndProject
Project("{8BC9CEB8-8B4A-11D0-8D11-00A0C91BC942}") = "Engine", "Engine\Engine.vcxproj", "{D000EB2C-4859-45E1-A71B-56CC089E2813}"
EndProject
Project("{8BC9CEB8-8B4A-11D0-8D11-00A0C91BC942}") = "Client", "Client\Client.vcxproj", "{3C0F9D5D-36A3-441E-AF8D-4B4EAFB9FB54}"
	ProjectSection(ProjectDependencies) = postProject
		{D000EB2C-4859-45E1-A71B-56CC089E2813} = {D000EB2C-4859-45E1-A71B-56CC089E2813}
		{245DA0C1-F37A-4EE6-B7E0-6E785EB13C80} = {245DA0C1-F37A-4EE6-B7E0-6E785EB13C80}
		{2EBAD3DE-CAB6-462C-83AA-FBD4D62679BA} = {2EBAD3DE-CAB6-462C-83AA-FBD4D62679BA}
	EndProjectSection
EndProject
Project("{8BC9CEB8-8B4A-11D0-8D11-00A0C91BC942}") = "Server", "Server\Server.vcxproj", "{0DB1FE63-992F-4E0F-98DA-F43E672EACDA}"
	ProjectSection(ProjectDependencies) = postProject
		{D000EB2C-4859-45E1-A71B-56CC089E2813} = {D000EB2C-4859-45E1-A71B-56CC089E2813}
		{245DA0C1-F37A-4EE6-B7E0-6E785EB13C80} = {245DA0C1-F37A-4EE6-B7E0-6E785EB13C80}
		{2EBAD3DE-CAB6-462C-83AA-FBD4D62679BA} = {2EBAD3DE-CAB6-462C-83AA-FBD4D62679BA}
	EndProjectSection
EndProject
Project("{8BC9CEB8-8B4A-11D0-8D11-00A0C91BC942}") = "Networking", "Common\Common.vcxproj", "{245DA0C1-F37A-4EE6-B7E0-6E785EB13C80}"
	ProjectSection(ProjectDependencies) = postProject
		{D000EB2C-4859-45E1-A71B-56CC089E2813} = {D000EB2C-4859-45E1-A71B-56CC089E2813}
		{2EBAD3DE-CAB6-462C-83AA-FBD4D62679BA} = {2EBAD3DE-CAB6-462C-83AA-FBD4D62679BA}
	EndProjectSection
EndProject
Project("{8BC9CEB8-8B4A-11D0-8D11-00A0C91BC942}") = "ServerPrediction", "ServerPrediction\ServerPrediction.vcxproj", "{E9B5AD20-2132-4E5E-B5C5-777EBDF8DAFD}"
	ProjectSection(ProjectDependencies) = postProject
		{D000EB2C-4859-45E1-A71B-56CC089E2813} = {D000EB2C-4859-45E1-A71B-56CC089E2813}
		{245DA0C1-F37A-4EE6-B7E0-6E785EB13C80} = {245DA0C1-F37A-4EE6-B7E0-6E785EB13C80}
		{2EBAD3DE-CAB6-462C-83AA-FBD4D62679BA} = {2EBAD3DE-CAB6-462C-83AA-FBD4D62679BA}
	EndProjectSection
EndProject
Project("{8BC9CEB8-8B4A-11D0-8D11-00A0C91BC942}") = "ClientPrediction", "ClientPrediction\ClientPrediction.vcxproj", "{FCD88116-CF78-4CFC-9762-0CA302A7E4A9}"
	ProjectSection(ProjectDependencies) = postProject
		{D000EB2C-4859-45E1-A71B-56CC089E2813} = {D000EB2C-4859-45E1-A71B-56CC089E2813}
		{245DA0C1-F37A-4EE6-B7E0-6E785EB13C80} = {245DA0C1-F37A-4EE6-B7E0-6E785EB13C80}
		{2EBAD3DE-CAB6-462C-83AA-FBD4D62679BA} = {2EBAD3DE-CAB6-462C-83AA-FBD4D62679BA}
	EndProjectSection
EndProject
Global
	GlobalSection(SolutionConfigurationPlatforms) = preSolution
		Debug|x64 = Debug|x64
		Debug|x86 = Debug|x86
		Release|x64 = Release|x64
		Release|x86 = Release|x86
	EndGlobalSection
	GlobalSection(ProjectConfigurationPlatforms) = postSolution
		{2EBAD3DE-CAB6-462C-83AA-FBD4D62679BA}.Debug|x64.ActiveCfg = Debug|x64
		{2EBAD3DE-CAB6-462C-83AA-FBD4D62679BA}.Debug|x64.Build.0 = Debug|x64
		{2EBAD3DE-CAB6-462C-83AA-FBD4D62679BA}.Debug|x86.ActiveCfg = Debug|Win32
		{2EBAD3DE-CAB6-462C-83AA-FBD4D62679BA}.Debug|x86.Build.0 = Debug|Win32
		{2EBAD3DE-CAB6-462C-83AA-FBD4D62679BA}.Release|x64.ActiveCfg = Release|x64
		{2EBAD3DE-CAB6-462C-83AA-FBD4D62679BA}.Release|x64.Build.0 = Release|x64
		{2EBAD3DE-CAB6-462C-83AA-FBD4D62679BA}.Release|x86.ActiveCfg = Release|Win32
		{2EBAD3DE-CAB6-462C-83AA-FBD4D62679BA}.Release|x86.Build.0 = Release|Win32
		{D000EB2C-4859-45E1-A71B-56CC089E2813}.Debug|x64.ActiveCfg = Debug|x64
		{D000EB2C-4859-45E1-A71B-56CC089E2813}.Debug|x64.Build.0 = Debug|x64
		{D000EB2C-4859-45E1-A71B-56CC089E2813}.Debug|x86.ActiveCfg = Debug|Win32
		{D000EB2C-4859-45E1-A71B-56CC089E2813}.Debug|x86.Build.0 = Debug|Win32
		{D000EB2C-4859-45E1-A71B-56CC089E2813}.Release|x64.ActiveCfg = Release|x64
		{D000EB2C-4859-45E1-A71B-56CC089E2813}.Release|x64.Build.0 = Release|x64
		{D000EB2C-4859-45E1-A71B-56CC089E2813}.Release|x86.ActiveCfg = Release|Win32
		{D000EB2C-4859-45E1-A71B-56CC089E2813}.Release|x86.Build.0 = Release|Win32
		{3C0F9D5D-36A3-441E-AF8D-4B4EAFB9FB54}.Debug|x64.ActiveCfg = Debug|x64
		{3C0F9D5D-36A3-441E-AF8D-4B4EAFB9FB54}.Debug|x64.Build.0 = Debug|x64
		{3C0F9D5D-36A3-441E-AF8D-4B4EAFB9FB54}.Debug|x86.ActiveCfg = Debug|Win32
		{3C0F9D5D-36A3-441E-AF8D-4B4EAFB9FB54}.Debug|x86.Build.0 = Debug|Win32
		{3C0F9D5D-36A3-441E-AF8D-4B4EAFB9FB54}.Release|x64.ActiveCfg = Release|x64
		{3C0F9D5D-36A3-441E-AF8D-4B4EAFB9FB54}.Release|x64.Build.0 = Release|x64
		{3C0F9D5D-36A3-441E-AF8D-4B4EAFB9FB54}.Release|x86.ActiveCfg = Release|Win32
		{3C0F9D5D-36A3-441E-AF8D-4B4EAFB9FB54}.Release|x86.Build.0 = Release|Win32
		{0DB1FE63-992F-4E0F-98DA-F43E672EACDA}.Debug|x64.ActiveCfg = Debug|x64
		{0DB1FE63-992F-4E0F-98DA-F43E672EACDA}.Debug|x64.Build.0 = Debug|x64
		{0DB1FE63-992F-4E0F-98DA-F43E672EACDA}.Debug|x86.ActiveCfg = Debug|Win32
		{0DB1FE63-992F-4E0F-98DA-F43E672EACDA}.Debug|x86.Build.0 = Debug|Win32
		{0DB1FE63-992F-4E0F-98DA-F43E672EACDA}.Release|x64.ActiveCfg = Release|x64
		{0DB1FE63-992F-4E0F-98DA-F43E672EACDA}.Release|x64.Build.0 = Release|x64
		{0DB1FE63-992F-4E0F-98DA-F43E672EACDA}.Release|x86.ActiveCfg = Release|Win32
		{0DB1FE63-992F-4E0F-98DA-F43E672EACDA}.Release|x86.Build.0 = Release|Win32
		{245DA0C1-F37A-4EE6-B7E0-6E785EB13C80}.Debug|x64.ActiveCfg = Debug|x64
		{245DA0C1-F37A-4EE6-B7E0-6E785EB13C80}.Debug|x64.Build.0 = Debug|x64
		{245DA0C1-F37A-4EE6-B7E0-6E785EB13C80}.Debug|x86.ActiveCfg = Debug|Win32
		{245DA0C1-F37A-4EE6-B7E0-6E785EB13C80}.Debug|x86.Build.0 = Debug|Win32
		{245DA0C1-F37A-4EE6-B7E0-6E785EB13C80}.Release|x64.ActiveCfg = Release|x64
		{245DA0C1-F37A-4EE6-B7E0-6E785EB13C80}.Release|x64.Build.0 = Release|x64
		{245DA0C1-F37A-4EE6-B7E0-6E785EB13C80}.Release|x86.ActiveCfg = Release|Win32
		{245DA0C1-F37A-4EE6-B7E0-6E785EB13C80}.Release|x86.Build.0 = Release|Win32
		{E9B5AD20-2132-4E5E-B5C5-777EBDF8DAFD}.Debug|x64.ActiveCfg = Debug|x64
		{E9B5AD20-2132-4E5E-B5C5-777EBDF8DAFD}.Debug|x64.Build.0 = Debug|x64
		{E9B5AD20-2132-4E5E-B5C5-777EBDF8DAFD}.Debug|x86.ActiveCfg = Debug|Win32
		{E9B5AD20-2132-4E5E-B5C5-777EBDF8DAFD}.Debug|x86.Build.0 = Debug|Win32
		{E9B5AD20-2132-4E5E-B5C5-777EBDF8DAFD}.Release|x64.ActiveCfg = Release|x64
		{E9B5AD20-2132-4E5E-B5C5-777EBDF8DAFD}.Release|x64.Build.0 = Release|x64
		{E9B5AD20-2132-4E5E-B5C5-777EBDF8DAFD}.Release|x86.ActiveCfg = Release|Win32
		{E9B5AD20-2132-4E5E-B5C5-777EBDF8DAFD}.Release|x86.Build.0 = Release|Win32
		{FCD88116-CF78-4CFC-9762-0CA302A7E4A9}.Debug|x64.ActiveCfg = Debug|x64
		{FCD88116-CF78-4CFC-9762-0CA302A7E4A9}.Debug|x64.Build.0 = Debug|x64
		{FCD88116-CF78-4CFC-9762-0CA302A7E4A9}.Debug|x86.ActiveCfg = Debug|Win32
		{FCD88116-CF78-4CFC-9762-0CA302A7E4A9}.Debug|x86.Build.0 = Debug|Win32
		{FCD88116-CF78-4CFC-9762-0CA302A7E4A9}.Release|x64.ActiveCfg = Release|x64
		{FCD88116-CF78-4CFC-9762-0CA302A7E4A9}.Release|x64.Build.0 = Release|x64
		{FCD88116-CF78-4CFC-9762-0CA302A7E4A9}.Release|x86.ActiveCfg = Release|Win32
		{FCD88116-CF78-4CFC-9762-0CA302A7E4A9}.Release|x86.Build.0 = Release|Win32
	EndGlobalSection
	GlobalSection(SolutionProperties) = preSolution
		HideSolutionNode = FALSE
	EndGlobalSection
	GlobalSection(ExtensibilityGlobals) = postSolution
		SolutionGuid = {6752F498-FC56-4EE2-9894-6E761583F8A2}
	EndGlobalSection
EndGlobal
